
Microsoft Visual Studio Solution File, Format Version 11.00
# Visual Studio 2010
Project("{FAE04EC0-301F-11D3-BF4B-00C04F79EFBC}") = "MoonShine", "MoonShine\MoonShine.csproj", "{AB54365F-D0C1-49B5-AFA4-3FA0296A5CCD}"
EndProject
Project("{FAE04EC0-301F-11D3-BF4B-00C04F79EFBC}") = "MoonShine.Console", "MoonShine.Console\MoonShine.Console.csproj", "{E04DBA71-AC09-4D8A-85F8-196280C83565}"
EndProject
Project("{2150E333-8FDC-42A3-9474-1A3956D46DE8}") = "Docs", "Docs", "{90DB6062-8DA0-43A9-9D4F-2FBA13A98868}"
	ProjectSection(SolutionItems) = preProject
		..\README.markdown = ..\README.markdown
	EndProjectSection
EndProject
Global
	GlobalSection(SolutionConfigurationPlatforms) = preSolution
		Debug|Any CPU = Debug|Any CPU
		Debug|Mixed Platforms = Debug|Mixed Platforms
		Debug|Win32 = Debug|Win32
		Debug|x86 = Debug|x86
		Release|Any CPU = Release|Any CPU
		Release|Mixed Platforms = Release|Mixed Platforms
		Release|Win32 = Release|Win32
		Release|x86 = Release|x86
	EndGlobalSection
	GlobalSection(ProjectConfigurationPlatforms) = postSolution
		{AB54365F-D0C1-49B5-AFA4-3FA0296A5CCD}.Debug|Any CPU.ActiveCfg = Debug|Any CPU
		{AB54365F-D0C1-49B5-AFA4-3FA0296A5CCD}.Debug|Any CPU.Build.0 = Debug|Any CPU
		{AB54365F-D0C1-49B5-AFA4-3FA0296A5CCD}.Debug|Mixed Platforms.ActiveCfg = Debug|Any CPU
		{AB54365F-D0C1-49B5-AFA4-3FA0296A5CCD}.Debug|Mixed Platforms.Build.0 = Debug|Any CPU
		{AB54365F-D0C1-49B5-AFA4-3FA0296A5CCD}.Debug|Win32.ActiveCfg = Debug|Any CPU
		{AB54365F-D0C1-49B5-AFA4-3FA0296A5CCD}.Debug|x86.ActiveCfg = Debug|Any CPU
		{AB54365F-D0C1-49B5-AFA4-3FA0296A5CCD}.Release|Any CPU.ActiveCfg = Release|Any CPU
		{AB54365F-D0C1-49B5-AFA4-3FA0296A5CCD}.Release|Any CPU.Build.0 = Release|Any CPU
		{AB54365F-D0C1-49B5-AFA4-3FA0296A5CCD}.Release|Mixed Platforms.ActiveCfg = Release|Any CPU
		{AB54365F-D0C1-49B5-AFA4-3FA0296A5CCD}.Release|Mixed Platforms.Build.0 = Release|Any CPU
		{AB54365F-D0C1-49B5-AFA4-3FA0296A5CCD}.Release|Win32.ActiveCfg = Release|Any CPU
		{AB54365F-D0C1-49B5-AFA4-3FA0296A5CCD}.Release|x86.ActiveCfg = Release|Any CPU
		{E04DBA71-AC09-4D8A-85F8-196280C83565}.Debug|Any CPU.ActiveCfg = Debug|x86
		{E04DBA71-AC09-4D8A-85F8-196280C83565}.Debug|Mixed Platforms.ActiveCfg = Debug|x86
		{E04DBA71-AC09-4D8A-85F8-196280C83565}.Debug|Mixed Platforms.Build.0 = Debug|x86
		{E04DBA71-AC09-4D8A-85F8-196280C83565}.Debug|Win32.ActiveCfg = Debug|x86
		{E04DBA71-AC09-4D8A-85F8-196280C83565}.Debug|x86.ActiveCfg = Debug|x86
		{E04DBA71-AC09-4D8A-85F8-196280C83565}.Debug|x86.Build.0 = Debug|x86
		{E04DBA71-AC09-4D8A-85F8-196280C83565}.Release|Any CPU.ActiveCfg = Release|x86
		{E04DBA71-AC09-4D8A-85F8-196280C83565}.Release|Mixed Platforms.ActiveCfg = Release|x86
		{E04DBA71-AC09-4D8A-85F8-196280C83565}.Release|Mixed Platforms.Build.0 = Release|x86
		{E04DBA71-AC09-4D8A-85F8-196280C83565}.Release|Win32.ActiveCfg = Release|x86
		{E04DBA71-AC09-4D8A-85F8-196280C83565}.Release|x86.ActiveCfg = Release|x86
		{E04DBA71-AC09-4D8A-85F8-196280C83565}.Release|x86.Build.0 = Release|x86
	EndGlobalSection
	GlobalSection(SolutionProperties) = preSolution
		HideSolutionNode = FALSE
	EndGlobalSection
EndGlobal
